
Microsoft Visual Studio Solution File, Format Version 12.00
# Visual Studio Version 16
VisualStudioVersion = 16.0.30128.36
MinimumVisualStudioVersion = 10.0.40219.1
Project("{9A19103F-16F7-4668-BE54-9A1E7A4F7556}") = "BetterRussian", "BetterRussian.csproj", "{9EF21E9A-C75A-46E4-8364-393E38025FC8}"
EndProject
Global
	GlobalSection(SolutionConfigurationPlatforms) = preSolution
		Debug|Any CPU = Debug|Any CPU
		Release|Any CPU = Release|Any CPU
	EndGlobalSection
	GlobalSection(ProjectConfigurationPlatforms) = postSolution
		{9EF21E9A-C75A-46E4-8364-393E38025FC8}.Debug|Any CPU.ActiveCfg = Debug|Any CPU
		{9EF21E9A-C75A-46E4-8364-393E38025FC8}.Debug|Any CPU.Build.0 = Debug|Any CPU
		{9EF21E9A-C75A-46E4-8364-393E38025FC8}.Release|Any CPU.ActiveCfg = Release|Any CPU
		{9EF21E9A-C75A-46E4-8364-393E38025FC8}.Release|Any CPU.Build.0 = Release|Any CPU
	EndGlobalSection
	GlobalSection(SolutionProperties) = preSolution
		HideSolutionNode = FALSE
	EndGlobalSection
	GlobalSection(ExtensibilityGlobals) = postSolution
		SolutionGuid = {39F50FBF-0E76-4ABE-BFC1-6591DA53B329}
	EndGlobalSection
EndGlobal
